{
  "name": "demo-dotdotdot",
  "version": "1.0.0",
  "lockfileVersion": 1,
  "requires": true,
  "dependencies": {
    "dotdotdot-js": {
      "version": "4.0.5",
      "resolved": "https://registry.npmjs.org/dotdotdot-js/-/dotdotdot-js-4.0.5.tgz",
      "integrity": "sha512-fmyV5w/Gd2HdhzgM862z0K5bvAbPllGP8D5P7w5uD2i1dplkpRoTkYVn9jJmO13w/C1S7zJC7nCprtcTD18mbA=="
    }
  }
}
